{
  "name": "betterlife.front.mobile.angular",
  "version": "1.0.0",
  "lockfileVersion": 1,
  "requires": true,
  "dependencies": {
    "jquery-weui": {
      "version": "1.0.1",
      "resolved": "https://registry.npmjs.org/jquery-weui/-/jquery-weui-1.0.1.tgz",
      "integrity": "sha1-pJLZixzBcx+INwV1REl9Qh45Mw4="
    }
  }
}
